
Microsoft Visual Studio Solution File, Format Version 12.00
# Visual Studio Version 17
VisualStudioVersion = 17.6.33801.468
MinimumVisualStudioVersion = 10.0.40219.1
Project("{FAE04EC0-301F-11D3-BF4B-00C04F79EFBC}") = "Modbus_Debug_Terminal", "Modbus_Debug_Terminal\Modbus_Debug_Terminal.csproj", "{2BF37881-6A5A-4503-8213-D1D96B56AA7D}"
EndProject
Global
	GlobalSection(SolutionConfigurationPlatforms) = preSolution
		Debug|Any CPU = Debug|Any CPU
		Release|Any CPU = Release|Any CPU
	EndGlobalSection
	GlobalSection(ProjectConfigurationPlatforms) = postSolution
		{2BF37881-6A5A-4503-8213-D1D96B56AA7D}.Debug|Any CPU.ActiveCfg = Debug|Any CPU
		{2BF37881-6A5A-4503-8213-D1D96B56AA7D}.Debug|Any CPU.Build.0 = Debug|Any CPU
		{2BF37881-6A5A-4503-8213-D1D96B56AA7D}.Release|Any CPU.ActiveCfg = Release|Any CPU
		{2BF37881-6A5A-4503-8213-D1D96B56AA7D}.Release|Any CPU.Build.0 = Release|Any CPU
	EndGlobalSection
	GlobalSection(SolutionProperties) = preSolution
		HideSolutionNode = FALSE
	EndGlobalSection
	GlobalSection(ExtensibilityGlobals) = postSolution
		SolutionGuid = {55037C18-DEFD-4444-A806-491550C0A97B}
	EndGlobalSection
EndGlobal
